
Microsoft Visual Studio Solution File, Format Version 12.00
# Visual Studio Version 16
VisualStudioVersion = 16.0.30002.166
MinimumVisualStudioVersion = 10.0.40219.1
Project("{9A19103F-16F7-4668-BE54-9A1E7A4F7556}") = "Entities", "Entities\Entities.csproj", "{7708F404-6CFE-412A-99CF-9CB103E8C9BC}"
EndProject
Project("{9A19103F-16F7-4668-BE54-9A1E7A4F7556}") = "Repository", "Repository\Repository.csproj", "{DE614FF4-2597-4C6E-BC94-9D5CBDFD7E01}"
EndProject
Project("{FAE04EC0-301F-11D3-BF4B-00C04F79EFBC}") = "Application", "Application\Application.csproj", "{7A51266D-70B0-4DA3-8650-EA19C8BAFC0A}"
EndProject
Global
	GlobalSection(SolutionConfigurationPlatforms) = preSolution
		Debug|Any CPU = Debug|Any CPU
		Release|Any CPU = Release|Any CPU
	EndGlobalSection
	GlobalSection(ProjectConfigurationPlatforms) = postSolution
		{7708F404-6CFE-412A-99CF-9CB103E8C9BC}.Debug|Any CPU.ActiveCfg = Debug|Any CPU
		{7708F404-6CFE-412A-99CF-9CB103E8C9BC}.Debug|Any CPU.Build.0 = Debug|Any CPU
		{7708F404-6CFE-412A-99CF-9CB103E8C9BC}.Release|Any CPU.ActiveCfg = Release|Any CPU
		{7708F404-6CFE-412A-99CF-9CB103E8C9BC}.Release|Any CPU.Build.0 = Release|Any CPU
		{DE614FF4-2597-4C6E-BC94-9D5CBDFD7E01}.Debug|Any CPU.ActiveCfg = Debug|Any CPU
		{DE614FF4-2597-4C6E-BC94-9D5CBDFD7E01}.Debug|Any CPU.Build.0 = Debug|Any CPU
		{DE614FF4-2597-4C6E-BC94-9D5CBDFD7E01}.Release|Any CPU.ActiveCfg = Release|Any CPU
		{DE614FF4-2597-4C6E-BC94-9D5CBDFD7E01}.Release|Any CPU.Build.0 = Release|Any CPU
		{7A51266D-70B0-4DA3-8650-EA19C8BAFC0A}.Debug|Any CPU.ActiveCfg = Debug|Any CPU
		{7A51266D-70B0-4DA3-8650-EA19C8BAFC0A}.Debug|Any CPU.Build.0 = Debug|Any CPU
		{7A51266D-70B0-4DA3-8650-EA19C8BAFC0A}.Release|Any CPU.ActiveCfg = Release|Any CPU
		{7A51266D-70B0-4DA3-8650-EA19C8BAFC0A}.Release|Any CPU.Build.0 = Release|Any CPU
	EndGlobalSection
	GlobalSection(SolutionProperties) = preSolution
		HideSolutionNode = FALSE
	EndGlobalSection
	GlobalSection(ExtensibilityGlobals) = postSolution
		SolutionGuid = {DDC97CF7-D0C3-4BF3-B0E8-8C0907C192AD}
	EndGlobalSection
EndGlobal
